[[package]]
name = "click"
version = "8.0.4"
description = "Composable command line interface toolkit"
category = "main"
optional = false
python-versions = ">=3.6"

[package.dependencies]
colorama = {version = "*", markers = "platform_system == \"Windows\""}

[[package]]
name = "colorama"
version = "0.4.4"
description = "Cross-platform colored terminal text."
category = "main"
optional = false
python-versions = ">=2.7, !=3.0.*, !=3.1.*, !=3.2.*, !=3.3.*, !=3.4.*"

[[package]]
name = "extensionclass"
version = "4.6"
description = "Metaclass for subclassable extension types"
category = "main"
optional = false
python-versions = "*"

[package.extras]
test = ["zope.testrunner"]

[[package]]
name = "record"
version = "3.5"
description = "Special Record objects used in Zope."
category = "main"
optional = false
python-versions = "*"

[package.dependencies]
ExtensionClass = ">=4.1a1"

[metadata]
lock-version = "1.1"
python-versions = "^3.8"
content-hash = "be109e908bc6924122d8274555e0a0cc469ff3c2f8f23703438bb5ad37f87fa4"

[metadata.files]
click = [
    {file = "click-8.0.4-py3-none-any.whl", hash = "sha256:6a7a62563bbfabfda3a38f3023a1db4a35978c0abd76f6c9605ecd6554d6d9b1"},
    {file = "click-8.0.4.tar.gz", hash = "sha256:8458d7b1287c5fb128c90e23381cf99dcde74beaf6c7ff6384ce84d6fe090adb"},
]
colorama = [
    {file = "colorama-0.4.4-py2.py3-none-any.whl", hash = "sha256:9f47eda37229f68eee03b24b9748937c7dc3868f906e8ba69fbcbdd3bc5dc3e2"},
    {file = "colorama-0.4.4.tar.gz", hash = "sha256:5941b2b48a20143d2267e95b1c2a7603ce057ee39fd88e7329b0c292aa16869b"},
]
extensionclass = [
    {file = "ExtensionClass-4.6-cp27-cp27m-macosx_10_14_x86_64.whl", hash = "sha256:40f27d761a8c207c46f109ef2697e7cd76e6b9f8d8a3cffa2c3fd0550138eebd"},
    {file = "ExtensionClass-4.6-cp27-cp27m-win32.whl", hash = "sha256:18fa185dc5b192084e8d81489a1052c68dfe7755c0097306b69c629e8de55867"},
    {file = "ExtensionClass-4.6-cp27-cp27m-win_amd64.whl", hash = "sha256:3227a0c6313027285d1336554dd54d5f8c68326794d4fd596f3e25fb73cb4845"},
    {file = "ExtensionClass-4.6-cp310-cp310-macosx_10_15_x86_64.whl", hash = "sha256:6db700fb9895be498c9abd01e06dfdd3bee11b8b66ee98989a3f25c1694214f8"},
    {file = "ExtensionClass-4.6-cp310-cp310-manylinux_2_17_aarch64.manylinux2014_aarch64.whl", hash = "sha256:166fe23b263598867049744b6729c01d336207056f173804ab2bd34b58ec3f16"},
    {file = "ExtensionClass-4.6-cp310-cp310-manylinux_2_5_i686.manylinux1_i686.manylinux_2_12_i686.manylinux2010_i686.whl", hash = "sha256:bc867aa6a9508067f900dd2802b4349c732988f05cbba021a01d6f0e15dbc8c6"},
    {file = "ExtensionClass-4.6-cp310-cp310-manylinux_2_5_x86_64.manylinux1_x86_64.manylinux_2_12_x86_64.manylinux2010_x86_64.whl", hash = "sha256:c5dd1fd2de6b8f9e594b00e4c6fd85c9f5ece1c967434308ccd20876e8b884a4"},
    {file = "ExtensionClass-4.6-cp310-cp310-win32.whl", hash = "sha256:14a4b5c8b93fa9bbfaa04dd861c219d23da3c2500882659e2601b0da711b28f4"},
    {file = "ExtensionClass-4.6-cp310-cp310-win_amd64.whl", hash = "sha256:360ed29c55d979f3ff5c5f4bf41aec9b4781c4ba288d954dead4a742fdc52bc3"},
    {file = "ExtensionClass-4.6-cp35-cp35m-win32.whl", hash = "sha256:976e3ad8f1b57b0aa971248877057c2fc3e11b829eae9ddc7296094c66bb0296"},
    {file = "ExtensionClass-4.6-cp35-cp35m-win_amd64.whl", hash = "sha256:f50daee5d80b4017ac08c04b31d2bd7593dc58b1f6ea422802872ce5348cf9b0"},
    {file = "ExtensionClass-4.6-cp36-cp36m-macosx_10_14_x86_64.whl", hash = "sha256:0f0a8195033baf6e70ad6a03d6aec46561788faeb3da6fd976c49055779efa10"},
    {file = "ExtensionClass-4.6-cp36-cp36m-manylinux_2_17_aarch64.manylinux2014_aarch64.whl", hash = "sha256:147aa417dd3e1138dac5ca35d2e8802cc802b34254d65d857ea22ba173bdfe0c"},
    {file = "ExtensionClass-4.6-cp36-cp36m-manylinux_2_5_i686.manylinux1_i686.manylinux_2_12_i686.manylinux2010_i686.whl", hash = "sha256:7a301afbba8cb79db258f81f1402b3dc1b38050699ad8668403976ecb8c05de1"},
    {file = "ExtensionClass-4.6-cp36-cp36m-manylinux_2_5_x86_64.manylinux1_x86_64.manylinux_2_12_x86_64.manylinux2010_x86_64.whl", hash = "sha256:5d75670f7ab72a8cc30c8b1d2dade2bc251b68340b6cf630c7d0750ea146cdb4"},
    {file = "ExtensionClass-4.6-cp36-cp36m-win32.whl", hash = "sha256:2fa39b1178f6ef5ba7f1735b89a249e9c78b46d48abfc8b6ec193d0ac4bd9cf7"},
    {file = "ExtensionClass-4.6-cp36-cp36m-win_amd64.whl", hash = "sha256:843b86d9b9d186d106932878a5b088c544ec405b7ad0e679d43c2e3514e7e6e4"},
    {file = "ExtensionClass-4.6-cp37-cp37m-macosx_10_14_x86_64.whl", hash = "sha256:58caab9d64d667fedf27fd145ba8d4e6e83a32a74e4bf64f8eb1e7af0aae33ea"},
    {file = "ExtensionClass-4.6-cp37-cp37m-manylinux_2_17_aarch64.manylinux2014_aarch64.whl", hash = "sha256:27d7a9d9d0e6b4cc639898bbeda5a2313d6f7606a6c09ff83fcd996881788b96"},
    {file = "ExtensionClass-4.6-cp37-cp37m-manylinux_2_5_i686.manylinux1_i686.manylinux_2_12_i686.manylinux2010_i686.whl", hash = "sha256:521a3527c22bbffd0ca1347a1e7ce950c698dec6d2e4221d8251f6df96d59f88"},
    {file = "ExtensionClass-4.6-cp37-cp37m-manylinux_2_5_x86_64.manylinux1_x86_64.manylinux_2_12_x86_64.manylinux2010_x86_64.whl", hash = "sha256:4af73d173bc1f54391fbef358e9408a8e8b8969664eed6699da8a008444a3a92"},
    {file = "ExtensionClass-4.6-cp37-cp37m-win32.whl", hash = "sha256:99f6b991ab5bfd73f608aac12a849dcf3cb7d40b07d3c6edb4bf99200e38c500"},
    {file = "ExtensionClass-4.6-cp37-cp37m-win_amd64.whl", hash = "sha256:9ad92163a5b59a8ea9e95dcdafd9a4f46cdefe3245d8dff0a505282239177771"},
    {file = "ExtensionClass-4.6-cp38-cp38-macosx_10_14_x86_64.whl", hash = "sha256:e44be94bfdd7b66fd955d042c147e62bcc7d54d877f1ae249fda9856df0ceab4"},
    {file = "ExtensionClass-4.6-cp38-cp38-manylinux_2_17_aarch64.manylinux2014_aarch64.whl", hash = "sha256:6c5f11b0b22a6d1f4f32535f5d1449cc89d59fa2e3a7380234650bcb59a68cba"},
    {file = "ExtensionClass-4.6-cp38-cp38-manylinux_2_5_i686.manylinux1_i686.manylinux_2_12_i686.manylinux2010_i686.whl", hash = "sha256:379a0c9d5c0575482eb41d18664f7163aa6e460e985081a41c3a89d2fbf5a9be"},
    {file = "ExtensionClass-4.6-cp38-cp38-manylinux_2_5_x86_64.manylinux1_x86_64.manylinux_2_12_x86_64.manylinux2010_x86_64.whl", hash = "sha256:fe1ccced12596972b702ff8a9bf7311e8dae967b19549bf888e578488bbdde46"},
    {file = "ExtensionClass-4.6-cp38-cp38-win32.whl", hash = "sha256:76158bfb62ea12f1ce682e10dc88c32a38245f6201cade4b8307f535b1025ea4"},
    {file = "ExtensionClass-4.6-cp38-cp38-win_amd64.whl", hash = "sha256:7364509bac6254b5d9ab19e846fbeff84519569a9ec32bbf91c0c69010c14f39"},
    {file = "ExtensionClass-4.6-cp39-cp39-macosx_10_14_x86_64.whl", hash = "sha256:a540fbec22ef64785db9328d16a16c34fdd5860226b5cf70ce59d6b8c1c087e3"},
    {file = "ExtensionClass-4.6-cp39-cp39-manylinux_2_17_aarch64.manylinux2014_aarch64.whl", hash = "sha256:c70b9175161124b959450dd88812ba5bbced288e1b1c833cd753bd3575069500"},
    {file = "ExtensionClass-4.6-cp39-cp39-manylinux_2_5_i686.manylinux1_i686.manylinux_2_12_i686.manylinux2010_i686.whl", hash = "sha256:d82dae1569de93299becc08518c9568b1e008b383e465dbc60d392adccc942e4"},
    {file = "ExtensionClass-4.6-cp39-cp39-manylinux_2_5_x86_64.manylinux1_x86_64.manylinux_2_12_x86_64.manylinux2010_x86_64.whl", hash = "sha256:74f0663f6f53dc0242971f3cc0055e5c9894219b27bdd20c36f39f93a3b99044"},
    {file = "ExtensionClass-4.6-cp39-cp39-win32.whl", hash = "sha256:c0a82380b846b290377789fcb7dcb65fcebd2c31c3fc530738a12ee62c33de2f"},
    {file = "ExtensionClass-4.6-cp39-cp39-win_amd64.whl", hash = "sha256:c2511e47a6326d91f9bc1ae0a3057e911a9f01d90d063dbc93501a433782b2a8"},
    {file = "ExtensionClass-4.6.tar.gz", hash = "sha256:67a3ec78aecb77f5d31f984eb16d5505588209e590babb71fe934a31a3d76d98"},
]
record = [
    {file = "Record-3.5-py2.py3-none-any.whl", hash = "sha256:64c3c457f4d73ae2cd6575ffe47535264e980ecea68bec3881acb3859ec3c0f6"},
    {file = "Record-3.5.tar.gz", hash = "sha256:e5391312ddfc83d1a4a35643c1e36d019fb290267e98c9e3867e3ffca9d71e71"},
]
